<?xml version="1.0" encoding="utf-8"?>
<Project ToolsVersion="4.0" xmlns="http://schemas.microsoft.com/developer/msbuild/2003">
  <ItemGroup>
    <Filter Include="Source Files">
      <UniqueIdentifier>{4FC737F1-C7A5-4376-A066-2A32D752A2FF}</UniqueIdentifier>
      <Extensions>cpp;c;cc;cxx;c++;cppm;ixx;def;odl;idl;hpj;bat;asm;asmx</Extensions>
    </Filter>
    <Filter Include="Header Files">
      <UniqueIdentifier>{93995380-89BD-4b04-88EB-625FBE52EBFB}</UniqueIdentifier>
      <Extensions>h;hh;hpp;hxx;h++;hm;inl;inc;ipp;xsd</Extensions>
    </Filter>
    <Filter Include="Resource Files">
      <UniqueIdentifier>{67DA6AB6-F800-4c08-8B7A-83BB121AAD01}</UniqueIdentifier>
      <Extensions>rc;ico;cur;bmp;dlg;rc2;rct;bin;rgs;gif;jpg;jpeg;jpe;resx;tiff;tif;png;wav;mfcribbon-ms</Extensions>
    </Filter>
    <Filter Include="Entities">
      <UniqueIdentifier>{c5972bab-bbe3-49e5-ae46-cdb58a40080e}</UniqueIdentifier>
    </Filter>
    <Filter Include="States">
      <UniqueIdentifier>{b57f99c6-1bc7-4fb5-93ae-7597d32a416b}</UniqueIdentifier>
    </Filter>
    <Filter Include="Animation">
      <UniqueIdentifier>{e823704d-ee0f-42cb-8f77-61df5e8baf57}</UniqueIdentifier>
    </Filter>
    <Filter Include="TileMap">
      <UniqueIdentifier>{22a97005-ec76-4b6e-928c-612dd02f8ec8}</UniqueIdentifier>
    </Filter>
    <Filter Include="GUI">
      <UniqueIdentifier>{6b9f97be-6321-4a6f-b848-61591f935910}</UniqueIdentifier>
    </Filter>
  </ItemGroup>
  <ItemGroup>
    <ClCompile Include="src\main.cpp">
      <Filter>Source Files</Filter>
    </ClCompile>
    <ClCompile Include="src\pch.cpp">
      <Filter>Source Files</Filter>
    </ClCompile>
    <ClCompile Include="src\Game.cpp">
      <Filter>Source Files</Filter>
    </ClCompile>
    <ClCompile Include="src\Entities.cpp">
      <Filter>Entities</Filter>
    </ClCompile>
    <ClCompile Include="src\GameState.cpp">
      <Filter>States</Filter>
    </ClCompile>
    <ClCompile Include="src\State.cpp">
      <Filter>States</Filter>
    </ClCompile>
    <ClCompile Include="src\MainMenu.cpp">
      <Filter>States</Filter>
    </ClCompile>
    <ClCompile Include="src\Button.cpp">
      <Filter>Source Files</Filter>
    </ClCompile>
    <ClCompile Include="src\Player.cpp">
      <Filter>Entities</Filter>
    </ClCompile>
    <ClCompile Include="src\AnimationComponent.cpp">
      <Filter>Animation</Filter>
    </ClCompile>
    <ClCompile Include="src\SettingState.cpp">
      <Filter>States</Filter>
    </ClCompile>
    <ClCompile Include="src\Tilemap.cpp">
      <Filter>TileMap</Filter>
    </ClCompile>
    <ClCompile Include="src\Tile.cpp">
      <Filter>TileMap</Filter>
    </ClCompile>
    <ClCompile Include="src\PauseMenu.cpp">
      <Filter>GUI</Filter>
    </ClCompile>
    <ClCompile Include="src\EditorState.cpp">
      <Filter>States</Filter>
    </ClCompile>
  </ItemGroup>
  <ItemGroup>
    <ClInclude Include="src\pch.h">
      <Filter>Header Files</Filter>
    </ClInclude>
    <ClInclude Include="src\Game.h">
      <Filter>Header Files</Filter>
    </ClInclude>
    <ClInclude Include="src\Entities.h">
      <Filter>Entities</Filter>
    </ClInclude>
    <ClInclude Include="src\GameState.h">
      <Filter>States</Filter>
    </ClInclude>
    <ClInclude Include="src\State.h">
      <Filter>States</Filter>
    </ClInclude>
    <ClInclude Include="src\MainMenu.h">
      <Filter>States</Filter>
    </ClInclude>
    <ClInclude Include="src\Button.h">
      <Filter>Header Files</Filter>
    </ClInclude>
    <ClInclude Include="src\Player.h">
      <Filter>Entities</Filter>
    </ClInclude>
    <ClInclude Include="src\AnimationComponent.h">
      <Filter>Animation</Filter>
    </ClInclude>
    <ClInclude Include="src\SettingState.h">
      <Filter>States</Filter>
    </ClInclude>
    <ClInclude Include="src\Tilemap.h">
      <Filter>TileMap</Filter>
    </ClInclude>
    <ClInclude Include="src\Tile.h">
      <Filter>TileMap</Filter>
    </ClInclude>
    <ClInclude Include="src\PauseMenu.h">
      <Filter>GUI</Filter>
    </ClInclude>
    <ClInclude Include="src\EditorState.h">
      <Filter>States</Filter>
    </ClInclude>
  </ItemGroup>
</Project>