<?xml version="1.0" encoding="utf-8"?>
<Project ToolsVersion="4.0" xmlns="http://schemas.microsoft.com/developer/msbuild/2003">
  <ItemGroup>
    <ClCompile Include="src\AnimationComponent.cpp">
      <Filter>Animation</Filter>
    </ClCompile>
    <ClCompile Include="src\Entities.cpp">
      <Filter>Entities</Filter>
    </ClCompile>
    <ClCompile Include="src\Player.cpp">
      <Filter>Entities</Filter>
    </ClCompile>
    <ClCompile Include="src\PauseMenu.cpp">
      <Filter>GUI</Filter>
    </ClCompile>
    <ClCompile Include="src\pch.cpp">
      <Filter>Source Files</Filter>
    </ClCompile>
    <ClCompile Include="src\Button.cpp">
      <Filter>Source Files</Filter>
    </ClCompile>
    <ClCompile Include="src\Game.cpp">
      <Filter>Source Files</Filter>
    </ClCompile>
    <ClCompile Include="src\main.cpp">
      <Filter>Source Files</Filter>
    </ClCompile>
    <ClCompile Include="src\Tile.cpp">
      <Filter>TileMap</Filter>
    </ClCompile>
    <ClCompile Include="src\Tilemap.cpp">
      <Filter>TileMap</Filter>
    </ClCompile>
    <ClCompile Include="src\EditorState.cpp">
      <Filter>States</Filter>
    </ClCompile>
    <ClCompile Include="src\GameState.cpp">
      <Filter>States</Filter>
    </ClCompile>
    <ClCompile Include="src\MainMenu.cpp">
      <Filter>States</Filter>
    </ClCompile>
    <ClCompile Include="src\SettingState.cpp">
      <Filter>States</Filter>
    </ClCompile>
    <ClCompile Include="src\State.cpp">
      <Filter>States</Filter>
    </ClCompile>
  </ItemGroup>
  <ItemGroup>
    <ClInclude Include="src\AnimationComponent.h">
      <Filter>Animation</Filter>
    </ClInclude>
    <ClInclude Include="src\Entities.h">
      <Filter>Entities</Filter>
    </ClInclude>
    <ClInclude Include="src\Player.h">
      <Filter>Entities</Filter>
    </ClInclude>
    <ClInclude Include="src\PauseMenu.h">
      <Filter>GUI</Filter>
    </ClInclude>
    <ClInclude Include="src\pch.h">
      <Filter>Header Files</Filter>
    </ClInclude>
    <ClInclude Include="src\Button.h">
      <Filter>Header Files</Filter>
    </ClInclude>
    <ClInclude Include="src\Game.h">
      <Filter>Header Files</Filter>
    </ClInclude>
    <ClInclude Include="src\Tile.h">
      <Filter>TileMap</Filter>
    </ClInclude>
    <ClInclude Include="src\Tilemap.h">
      <Filter>TileMap</Filter>
    </ClInclude>
    <ClInclude Include="src\EditorState.h">
      <Filter>States</Filter>
    </ClInclude>
    <ClInclude Include="src\GameState.h">
      <Filter>States</Filter>
    </ClInclude>
    <ClInclude Include="src\MainMenu.h">
      <Filter>States</Filter>
    </ClInclude>
    <ClInclude Include="src\SettingState.h">
      <Filter>States</Filter>
    </ClInclude>
    <ClInclude Include="src\State.h">
      <Filter>States</Filter>
    </ClInclude>
  </ItemGroup>
  <ItemGroup>
    <Filter Include="Animation">
      <UniqueIdentifier>{80c82528-d761-4d1a-b3a6-a30df5b2bdeb}</UniqueIdentifier>
    </Filter>
    <Filter Include="Entities">
      <UniqueIdentifier>{f2573a54-eacd-4c57-951f-2b7cbdce83d8}</UniqueIdentifier>
    </Filter>
    <Filter Include="GUI">
      <UniqueIdentifier>{0797e5cb-92a0-4381-bc9d-62a02905f000}</UniqueIdentifier>
    </Filter>
    <Filter Include="Header Files">
      <UniqueIdentifier>{029ba5db-8f0d-4f8c-9f95-031f50904bc5}</UniqueIdentifier>
    </Filter>
    <Filter Include="Source Files">
      <UniqueIdentifier>{f242470d-4350-41bc-8a6f-8836f3073a71}</UniqueIdentifier>
    </Filter>
    <Filter Include="States">
      <UniqueIdentifier>{2b6fa321-c0a2-481f-aa30-a4ed49021243}</UniqueIdentifier>
    </Filter>
    <Filter Include="TileMap">
      <UniqueIdentifier>{d809b113-5b74-43f0-8b62-7d1b3b96284f}</UniqueIdentifier>
    </Filter>
  </ItemGroup>
</Project>